
Microsoft Visual Studio Solution File, Format Version 12.00
# Visual Studio 2012
Project("{8BC9CEB8-8B4A-11D0-8D11-00A0C91BC942}") = "Exercise1-WrapperFacade", "Exercise1-WrapperFacade\Exercise1-WrapperFacade.vcxproj", "{3F306153-941E-498F-B83F-8664464E42AE}"
EndProject
Global
	GlobalSection(SolutionConfigurationPlatforms) = preSolution
		Debug|Win32 = Debug|Win32
		Release|Win32 = Release|Win32
	EndGlobalSection
	GlobalSection(ProjectConfigurationPlatforms) = postSolution
		{3F306153-941E-498F-B83F-8664464E42AE}.Debug|Win32.ActiveCfg = Debug|Win32
		{3F306153-941E-498F-B83F-8664464E42AE}.Debug|Win32.Build.0 = Debug|Win32
		{3F306153-941E-498F-B83F-8664464E42AE}.Release|Win32.ActiveCfg = Release|Win32
		{3F306153-941E-498F-B83F-8664464E42AE}.Release|Win32.Build.0 = Release|Win32
	EndGlobalSection
	GlobalSection(SolutionProperties) = preSolution
		HideSolutionNode = FALSE
	EndGlobalSection
EndGlobal
